
Microsoft Visual Studio Solution File, Format Version 12.00
# Visual Studio 15
VisualStudioVersion = 15.0.26124.0
MinimumVisualStudioVersion = 15.0.26124.0
Project("{2150E333-8FDC-42A3-9474-1A3956D46DE8}") = "src", "src", "{7D8D5698-74E8-4C43-A390-20ECE6394D08}"
EndProject
Project("{FAE04EC0-301F-11D3-BF4B-00C04F79EFBC}") = "CmdLine", "src\CmdLine\CmdLine.csproj", "{A1D70B9C-0218-455B-8A3F-8628B974D017}"
EndProject
Project("{2150E333-8FDC-42A3-9474-1A3956D46DE8}") = "test", "test", "{9C7ECB7D-18D3-4270-A20D-4F0BBF4E087B}"
EndProject
Project("{FAE04EC0-301F-11D3-BF4B-00C04F79EFBC}") = "CmdLine.Tests", "test\CmdLine.Tests\CmdLine.Tests.csproj", "{FEB351B1-6065-4C76-A234-53A78E71F821}"
EndProject
Project("{2150E333-8FDC-42A3-9474-1A3956D46DE8}") = "Solution Items", "Solution Items", "{0C6BE48C-899A-4CF1-B7AC-58F48D076C8B}"
ProjectSection(SolutionItems) = preProject
	Version.props = Version.props
	README.md = README.md
	Directory.Build.props = Directory.Build.props
EndProjectSection
EndProject
Global
	GlobalSection(SolutionConfigurationPlatforms) = preSolution
		Debug|Any CPU = Debug|Any CPU
		Release|Any CPU = Release|Any CPU
	EndGlobalSection
	GlobalSection(SolutionProperties) = preSolution
		HideSolutionNode = FALSE
	EndGlobalSection
	GlobalSection(ProjectConfigurationPlatforms) = postSolution
		{A1D70B9C-0218-455B-8A3F-8628B974D017}.Debug|Any CPU.ActiveCfg = Debug|Any CPU
		{A1D70B9C-0218-455B-8A3F-8628B974D017}.Debug|Any CPU.Build.0 = Debug|Any CPU
		{A1D70B9C-0218-455B-8A3F-8628B974D017}.Release|Any CPU.ActiveCfg = Release|Any CPU
		{A1D70B9C-0218-455B-8A3F-8628B974D017}.Release|Any CPU.Build.0 = Release|Any CPU
		{FEB351B1-6065-4C76-A234-53A78E71F821}.Debug|Any CPU.ActiveCfg = Debug|Any CPU
		{FEB351B1-6065-4C76-A234-53A78E71F821}.Debug|Any CPU.Build.0 = Debug|Any CPU
		{FEB351B1-6065-4C76-A234-53A78E71F821}.Release|Any CPU.ActiveCfg = Release|Any CPU
		{FEB351B1-6065-4C76-A234-53A78E71F821}.Release|Any CPU.Build.0 = Release|Any CPU
	EndGlobalSection
	GlobalSection(NestedProjects) = preSolution
		{A1D70B9C-0218-455B-8A3F-8628B974D017} = {7D8D5698-74E8-4C43-A390-20ECE6394D08}
		{FEB351B1-6065-4C76-A234-53A78E71F821} = {9C7ECB7D-18D3-4270-A20D-4F0BBF4E087B}
	EndGlobalSection
EndGlobal
